
Microsoft Visual Studio Solution File, Format Version 12.00
# Visual Studio Version 17
VisualStudioVersion = 17.6.33829.357
MinimumVisualStudioVersion = 10.0.40219.1
Project("{2150E333-8FDC-42A3-9474-1A3956D46DE8}") = "common", "common", "{8F88C78D-5B08-4B4E-9F3B-5BE418838EA0}"
EndProject
Project("{9A19103F-16F7-4668-BE54-9A1E7A4F7556}") = "common.defination", "src\common\common.defination\common.defination.csproj", "{62F68E84-5572-49EC-B060-434845BDDD75}"
EndProject
Project("{2150E333-8FDC-42A3-9474-1A3956D46DE8}") = "src", "src", "{E76DCBB7-CA5C-49A3-B2BD-1230A9401AE6}"
EndProject
Project("{2150E333-8FDC-42A3-9474-1A3956D46DE8}") = "core", "core", "{C562148E-87A0-40CC-BF20-AF68D97DC532}"
EndProject
Project("{9A19103F-16F7-4668-BE54-9A1E7A4F7556}") = "core.domain", "src\core\core.domain\core.domain.csproj", "{D9CDD12C-7494-4E67-8BC3-CC07EB1B8E15}"
EndProject
Project("{9A19103F-16F7-4668-BE54-9A1E7A4F7556}") = "core.infrastructure", "src\core\core.infrastructure\core.infrastructure.csproj", "{82C12A65-EFEF-4D27-9A5A-96262714D6AE}"
EndProject
Project("{9A19103F-16F7-4668-BE54-9A1E7A4F7556}") = "core.application", "src\core\core.application\core.application.csproj", "{8069661E-F21E-42CB-BFCB-D48624601F7C}"
EndProject
Project("{9A19103F-16F7-4668-BE54-9A1E7A4F7556}") = "core.api", "src\core\core.api\core.api.csproj", "{601C2214-A942-43CA-A264-39090F70F1C5}"
EndProject
Project("{2150E333-8FDC-42A3-9474-1A3956D46DE8}") = "news", "news", "{9AE5CF1B-C027-4BE4-AEFC-89A9413A8161}"
EndProject
Project("{9A19103F-16F7-4668-BE54-9A1E7A4F7556}") = "news.test", "src\news\news.test\news.test.csproj", "{ADA8C0A6-EEB5-428C-A5A9-70A1C56440E7}"
EndProject
Project("{9A19103F-16F7-4668-BE54-9A1E7A4F7556}") = "news.api", "src\news\news.api\news.api.csproj", "{5691B466-4EA9-4C80-9A9C-F1EC52164BB8}"
EndProject
Project("{9A19103F-16F7-4668-BE54-9A1E7A4F7556}") = "news.application", "src\news\news.application\news.application.csproj", "{01DCC9EA-B3C4-4ED4-9239-291ABD16DFA1}"
EndProject
Project("{9A19103F-16F7-4668-BE54-9A1E7A4F7556}") = "news.domain", "src\news\news.domain\news.domain.csproj", "{4B9E97ED-5612-48E5-923E-164A37A983FD}"
EndProject
Project("{9A19103F-16F7-4668-BE54-9A1E7A4F7556}") = "news.infrastructure", "src\news\news.infrastructure\news.infrastructure.csproj", "{D163504E-7B06-477E-9725-2414E7E4BC29}"
EndProject
Project("{2150E333-8FDC-42A3-9474-1A3956D46DE8}") = "MessagingService", "MessagingService", "{A25DB128-BEE0-448C-BEC9-C3CC8174B038}"
EndProject
Project("{9A19103F-16F7-4668-BE54-9A1E7A4F7556}") = "Messaging.API", "src\MessagingService\Messaging.API\Messaging.API.csproj", "{F8A9246A-FD7C-4F96-AF30-B334ABFAD393}"
EndProject
Project("{9A19103F-16F7-4668-BE54-9A1E7A4F7556}") = "Messaging.WorkerService", "src\MessagingService\Messaging.WorkerService\Messaging.WorkerService.csproj", "{C78B2C08-190B-4F51-8CFE-553427160E20}"
EndProject
Project("{9A19103F-16F7-4668-BE54-9A1E7A4F7556}") = "Messaging.Infrastructure", "src\MessagingService\Messaging.Infrastructure\Messaging.Infrastructure.csproj", "{DC2333E3-F247-41EF-97FF-720ED5410C42}"
EndProject
Project("{9A19103F-16F7-4668-BE54-9A1E7A4F7556}") = "Messaging.Test", "src\MessagingService\Messaging.Test\Messaging.Test.csproj", "{45C362A0-C3D1-45A1-99CA-D6AC23953789}"
EndProject
Project("{2150E333-8FDC-42A3-9474-1A3956D46DE8}") = "IdentityProviderService", "IdentityProviderService", "{0950DF92-099C-4C23-8814-B7C23DF6E975}"
EndProject
Project("{9A19103F-16F7-4668-BE54-9A1E7A4F7556}") = "IdentityProvider.API", "src\IdentityProviderService\IdentityProvider.API\IdentityProvider.API.csproj", "{D616B2CE-5C5E-4596-89E4-229881F1FEC5}"
EndProject
Project("{9A19103F-16F7-4668-BE54-9A1E7A4F7556}") = "IdentityProvider.Domain", "src\IdentityProviderService\IdentityProvider.Domain\IdentityProvider.Domain.csproj", "{3EF63B58-ACC9-49CF-855F-FC239B32F0E4}"
EndProject
Project("{9A19103F-16F7-4668-BE54-9A1E7A4F7556}") = "IdentityProvider.Application", "src\IdentityProviderService\IdentityProvider.Application\IdentityProvider.Application.csproj", "{3B7D3B0C-6950-4377-8459-EEFCB70DC770}"
EndProject
Project("{9A19103F-16F7-4668-BE54-9A1E7A4F7556}") = "IdentityProvider.Infrastructure", "src\IdentityProviderService\IdentityProvider.Infrastructure\IdentityProvider.Infrastructure.csproj", "{6AA943FB-B131-430E-A07D-4C5E335A7D5A}"
EndProject
Project("{2150E333-8FDC-42A3-9474-1A3956D46DE8}") = "FileStorageService", "FileStorageService", "{3B57A32D-A5FD-49EC-BCEC-FFDA69838C46}"
EndProject
Project("{9A19103F-16F7-4668-BE54-9A1E7A4F7556}") = "FileStorage.API", "src\FileStorageService\FileStorage.API\FileStorage.API.csproj", "{BF6D4EA2-B67D-4B19-AB91-18565718DC0A}"
EndProject
Project("{2150E333-8FDC-42A3-9474-1A3956D46DE8}") = "OrganizationChartService", "OrganizationChartService", "{86AA2A39-989C-4817-915C-830914DC054F}"
EndProject
Project("{9A19103F-16F7-4668-BE54-9A1E7A4F7556}") = "OrganizationChart.API", "src\OrganizationChartService\OrganizationChart.API\OrganizationChart.API.csproj", "{04BC0B38-5AD7-4F75-B381-D995C191A40F}"
EndProject
Project("{9A19103F-16F7-4668-BE54-9A1E7A4F7556}") = "core.test", "src\core\core.test\core.test.csproj", "{9F9E8F0C-F93C-49D8-AAF6-747B243E6B59}"
EndProject
Project("{2150E333-8FDC-42A3-9474-1A3956D46DE8}") = "Mika", "Mika", "{D6AFFE4C-18F9-42E4-8494-DA064651B14B}"
EndProject
Project("{9A19103F-16F7-4668-BE54-9A1E7A4F7556}") = "Mika.Api", "src\Mika\Mika.Api\Mika.Api.csproj", "{6966AC96-26A0-4F8F-A34E-E41AA789DF13}"
EndProject
Project("{9A19103F-16F7-4668-BE54-9A1E7A4F7556}") = "Mika.Application", "src\Mika\Mika.Application\Mika.Application.csproj", "{32EC3D81-5C1C-4B4D-B5AE-AB05A84503E4}"
EndProject
Project("{9A19103F-16F7-4668-BE54-9A1E7A4F7556}") = "Mika.Domain", "src\Mika\Mika.Domain\Mika.Domain.csproj", "{1F99F458-EA2B-474A-B237-78A197A05188}"
EndProject
Project("{9A19103F-16F7-4668-BE54-9A1E7A4F7556}") = "Mika.Infastructure", "src\Mika\Mika.Infastructure\Mika.Infastructure.csproj", "{D36FC13F-3231-4662-9213-CA73F57521A0}"
EndProject
Project("{9A19103F-16F7-4668-BE54-9A1E7A4F7556}") = "Mika.Framework", "src\Mika\Mika.Framework\Mika.Framework.csproj", "{BB9075DC-41F2-4B62-BEBE-CA1D4940F45E}"
EndProject
Global
	GlobalSection(SolutionConfigurationPlatforms) = preSolution
		Debug|Any CPU = Debug|Any CPU
		Release|Any CPU = Release|Any CPU
	EndGlobalSection
	GlobalSection(ProjectConfigurationPlatforms) = postSolution
		{62F68E84-5572-49EC-B060-434845BDDD75}.Debug|Any CPU.ActiveCfg = Debug|Any CPU
		{62F68E84-5572-49EC-B060-434845BDDD75}.Debug|Any CPU.Build.0 = Debug|Any CPU
		{62F68E84-5572-49EC-B060-434845BDDD75}.Release|Any CPU.ActiveCfg = Release|Any CPU
		{62F68E84-5572-49EC-B060-434845BDDD75}.Release|Any CPU.Build.0 = Release|Any CPU
		{D9CDD12C-7494-4E67-8BC3-CC07EB1B8E15}.Debug|Any CPU.ActiveCfg = Debug|Any CPU
		{D9CDD12C-7494-4E67-8BC3-CC07EB1B8E15}.Debug|Any CPU.Build.0 = Debug|Any CPU
		{D9CDD12C-7494-4E67-8BC3-CC07EB1B8E15}.Release|Any CPU.ActiveCfg = Release|Any CPU
		{D9CDD12C-7494-4E67-8BC3-CC07EB1B8E15}.Release|Any CPU.Build.0 = Release|Any CPU
		{82C12A65-EFEF-4D27-9A5A-96262714D6AE}.Debug|Any CPU.ActiveCfg = Debug|Any CPU
		{82C12A65-EFEF-4D27-9A5A-96262714D6AE}.Debug|Any CPU.Build.0 = Debug|Any CPU
		{82C12A65-EFEF-4D27-9A5A-96262714D6AE}.Release|Any CPU.ActiveCfg = Release|Any CPU
		{82C12A65-EFEF-4D27-9A5A-96262714D6AE}.Release|Any CPU.Build.0 = Release|Any CPU
		{8069661E-F21E-42CB-BFCB-D48624601F7C}.Debug|Any CPU.ActiveCfg = Debug|Any CPU
		{8069661E-F21E-42CB-BFCB-D48624601F7C}.Debug|Any CPU.Build.0 = Debug|Any CPU
		{8069661E-F21E-42CB-BFCB-D48624601F7C}.Release|Any CPU.ActiveCfg = Release|Any CPU
		{8069661E-F21E-42CB-BFCB-D48624601F7C}.Release|Any CPU.Build.0 = Release|Any CPU
		{601C2214-A942-43CA-A264-39090F70F1C5}.Debug|Any CPU.ActiveCfg = Debug|Any CPU
		{601C2214-A942-43CA-A264-39090F70F1C5}.Debug|Any CPU.Build.0 = Debug|Any CPU
		{601C2214-A942-43CA-A264-39090F70F1C5}.Release|Any CPU.ActiveCfg = Release|Any CPU
		{601C2214-A942-43CA-A264-39090F70F1C5}.Release|Any CPU.Build.0 = Release|Any CPU
		{ADA8C0A6-EEB5-428C-A5A9-70A1C56440E7}.Debug|Any CPU.ActiveCfg = Debug|Any CPU
		{ADA8C0A6-EEB5-428C-A5A9-70A1C56440E7}.Debug|Any CPU.Build.0 = Debug|Any CPU
		{ADA8C0A6-EEB5-428C-A5A9-70A1C56440E7}.Release|Any CPU.ActiveCfg = Release|Any CPU
		{ADA8C0A6-EEB5-428C-A5A9-70A1C56440E7}.Release|Any CPU.Build.0 = Release|Any CPU
		{5691B466-4EA9-4C80-9A9C-F1EC52164BB8}.Debug|Any CPU.ActiveCfg = Debug|Any CPU
		{5691B466-4EA9-4C80-9A9C-F1EC52164BB8}.Debug|Any CPU.Build.0 = Debug|Any CPU
		{5691B466-4EA9-4C80-9A9C-F1EC52164BB8}.Release|Any CPU.ActiveCfg = Release|Any CPU
		{5691B466-4EA9-4C80-9A9C-F1EC52164BB8}.Release|Any CPU.Build.0 = Release|Any CPU
		{01DCC9EA-B3C4-4ED4-9239-291ABD16DFA1}.Debug|Any CPU.ActiveCfg = Debug|Any CPU
		{01DCC9EA-B3C4-4ED4-9239-291ABD16DFA1}.Debug|Any CPU.Build.0 = Debug|Any CPU
		{01DCC9EA-B3C4-4ED4-9239-291ABD16DFA1}.Release|Any CPU.ActiveCfg = Release|Any CPU
		{01DCC9EA-B3C4-4ED4-9239-291ABD16DFA1}.Release|Any CPU.Build.0 = Release|Any CPU
		{4B9E97ED-5612-48E5-923E-164A37A983FD}.Debug|Any CPU.ActiveCfg = Debug|Any CPU
		{4B9E97ED-5612-48E5-923E-164A37A983FD}.Debug|Any CPU.Build.0 = Debug|Any CPU
		{4B9E97ED-5612-48E5-923E-164A37A983FD}.Release|Any CPU.ActiveCfg = Release|Any CPU
		{4B9E97ED-5612-48E5-923E-164A37A983FD}.Release|Any CPU.Build.0 = Release|Any CPU
		{D163504E-7B06-477E-9725-2414E7E4BC29}.Debug|Any CPU.ActiveCfg = Debug|Any CPU
		{D163504E-7B06-477E-9725-2414E7E4BC29}.Debug|Any CPU.Build.0 = Debug|Any CPU
		{D163504E-7B06-477E-9725-2414E7E4BC29}.Release|Any CPU.ActiveCfg = Release|Any CPU
		{D163504E-7B06-477E-9725-2414E7E4BC29}.Release|Any CPU.Build.0 = Release|Any CPU
		{F8A9246A-FD7C-4F96-AF30-B334ABFAD393}.Debug|Any CPU.ActiveCfg = Debug|Any CPU
		{F8A9246A-FD7C-4F96-AF30-B334ABFAD393}.Debug|Any CPU.Build.0 = Debug|Any CPU
		{F8A9246A-FD7C-4F96-AF30-B334ABFAD393}.Release|Any CPU.ActiveCfg = Release|Any CPU
		{F8A9246A-FD7C-4F96-AF30-B334ABFAD393}.Release|Any CPU.Build.0 = Release|Any CPU
		{C78B2C08-190B-4F51-8CFE-553427160E20}.Debug|Any CPU.ActiveCfg = Debug|Any CPU
		{C78B2C08-190B-4F51-8CFE-553427160E20}.Debug|Any CPU.Build.0 = Debug|Any CPU
		{C78B2C08-190B-4F51-8CFE-553427160E20}.Release|Any CPU.ActiveCfg = Release|Any CPU
		{C78B2C08-190B-4F51-8CFE-553427160E20}.Release|Any CPU.Build.0 = Release|Any CPU
		{DC2333E3-F247-41EF-97FF-720ED5410C42}.Debug|Any CPU.ActiveCfg = Debug|Any CPU
		{DC2333E3-F247-41EF-97FF-720ED5410C42}.Debug|Any CPU.Build.0 = Debug|Any CPU
		{DC2333E3-F247-41EF-97FF-720ED5410C42}.Release|Any CPU.ActiveCfg = Release|Any CPU
		{DC2333E3-F247-41EF-97FF-720ED5410C42}.Release|Any CPU.Build.0 = Release|Any CPU
		{45C362A0-C3D1-45A1-99CA-D6AC23953789}.Debug|Any CPU.ActiveCfg = Debug|Any CPU
		{45C362A0-C3D1-45A1-99CA-D6AC23953789}.Debug|Any CPU.Build.0 = Debug|Any CPU
		{45C362A0-C3D1-45A1-99CA-D6AC23953789}.Release|Any CPU.ActiveCfg = Release|Any CPU
		{45C362A0-C3D1-45A1-99CA-D6AC23953789}.Release|Any CPU.Build.0 = Release|Any CPU
		{D616B2CE-5C5E-4596-89E4-229881F1FEC5}.Debug|Any CPU.ActiveCfg = Debug|Any CPU
		{D616B2CE-5C5E-4596-89E4-229881F1FEC5}.Debug|Any CPU.Build.0 = Debug|Any CPU
		{D616B2CE-5C5E-4596-89E4-229881F1FEC5}.Release|Any CPU.ActiveCfg = Release|Any CPU
		{D616B2CE-5C5E-4596-89E4-229881F1FEC5}.Release|Any CPU.Build.0 = Release|Any CPU
		{3EF63B58-ACC9-49CF-855F-FC239B32F0E4}.Debug|Any CPU.ActiveCfg = Debug|Any CPU
		{3EF63B58-ACC9-49CF-855F-FC239B32F0E4}.Debug|Any CPU.Build.0 = Debug|Any CPU
		{3EF63B58-ACC9-49CF-855F-FC239B32F0E4}.Release|Any CPU.ActiveCfg = Release|Any CPU
		{3EF63B58-ACC9-49CF-855F-FC239B32F0E4}.Release|Any CPU.Build.0 = Release|Any CPU
		{3B7D3B0C-6950-4377-8459-EEFCB70DC770}.Debug|Any CPU.ActiveCfg = Debug|Any CPU
		{3B7D3B0C-6950-4377-8459-EEFCB70DC770}.Debug|Any CPU.Build.0 = Debug|Any CPU
		{3B7D3B0C-6950-4377-8459-EEFCB70DC770}.Release|Any CPU.ActiveCfg = Release|Any CPU
		{3B7D3B0C-6950-4377-8459-EEFCB70DC770}.Release|Any CPU.Build.0 = Release|Any CPU
		{6AA943FB-B131-430E-A07D-4C5E335A7D5A}.Debug|Any CPU.ActiveCfg = Debug|Any CPU
		{6AA943FB-B131-430E-A07D-4C5E335A7D5A}.Debug|Any CPU.Build.0 = Debug|Any CPU
		{6AA943FB-B131-430E-A07D-4C5E335A7D5A}.Release|Any CPU.ActiveCfg = Release|Any CPU
		{6AA943FB-B131-430E-A07D-4C5E335A7D5A}.Release|Any CPU.Build.0 = Release|Any CPU
		{BF6D4EA2-B67D-4B19-AB91-18565718DC0A}.Debug|Any CPU.ActiveCfg = Debug|Any CPU
		{BF6D4EA2-B67D-4B19-AB91-18565718DC0A}.Debug|Any CPU.Build.0 = Debug|Any CPU
		{BF6D4EA2-B67D-4B19-AB91-18565718DC0A}.Release|Any CPU.ActiveCfg = Release|Any CPU
		{BF6D4EA2-B67D-4B19-AB91-18565718DC0A}.Release|Any CPU.Build.0 = Release|Any CPU
		{04BC0B38-5AD7-4F75-B381-D995C191A40F}.Debug|Any CPU.ActiveCfg = Debug|Any CPU
		{04BC0B38-5AD7-4F75-B381-D995C191A40F}.Debug|Any CPU.Build.0 = Debug|Any CPU
		{04BC0B38-5AD7-4F75-B381-D995C191A40F}.Release|Any CPU.ActiveCfg = Release|Any CPU
		{04BC0B38-5AD7-4F75-B381-D995C191A40F}.Release|Any CPU.Build.0 = Release|Any CPU
		{9F9E8F0C-F93C-49D8-AAF6-747B243E6B59}.Debug|Any CPU.ActiveCfg = Debug|Any CPU
		{9F9E8F0C-F93C-49D8-AAF6-747B243E6B59}.Debug|Any CPU.Build.0 = Debug|Any CPU
		{9F9E8F0C-F93C-49D8-AAF6-747B243E6B59}.Release|Any CPU.ActiveCfg = Release|Any CPU
		{9F9E8F0C-F93C-49D8-AAF6-747B243E6B59}.Release|Any CPU.Build.0 = Release|Any CPU
		{6966AC96-26A0-4F8F-A34E-E41AA789DF13}.Debug|Any CPU.ActiveCfg = Debug|Any CPU
		{6966AC96-26A0-4F8F-A34E-E41AA789DF13}.Debug|Any CPU.Build.0 = Debug|Any CPU
		{6966AC96-26A0-4F8F-A34E-E41AA789DF13}.Release|Any CPU.ActiveCfg = Release|Any CPU
		{6966AC96-26A0-4F8F-A34E-E41AA789DF13}.Release|Any CPU.Build.0 = Release|Any CPU
		{32EC3D81-5C1C-4B4D-B5AE-AB05A84503E4}.Debug|Any CPU.ActiveCfg = Debug|Any CPU
		{32EC3D81-5C1C-4B4D-B5AE-AB05A84503E4}.Debug|Any CPU.Build.0 = Debug|Any CPU
		{32EC3D81-5C1C-4B4D-B5AE-AB05A84503E4}.Release|Any CPU.ActiveCfg = Release|Any CPU
		{32EC3D81-5C1C-4B4D-B5AE-AB05A84503E4}.Release|Any CPU.Build.0 = Release|Any CPU
		{1F99F458-EA2B-474A-B237-78A197A05188}.Debug|Any CPU.ActiveCfg = Debug|Any CPU
		{1F99F458-EA2B-474A-B237-78A197A05188}.Debug|Any CPU.Build.0 = Debug|Any CPU
		{1F99F458-EA2B-474A-B237-78A197A05188}.Release|Any CPU.ActiveCfg = Release|Any CPU
		{1F99F458-EA2B-474A-B237-78A197A05188}.Release|Any CPU.Build.0 = Release|Any CPU
		{D36FC13F-3231-4662-9213-CA73F57521A0}.Debug|Any CPU.ActiveCfg = Debug|Any CPU
		{D36FC13F-3231-4662-9213-CA73F57521A0}.Debug|Any CPU.Build.0 = Debug|Any CPU
		{D36FC13F-3231-4662-9213-CA73F57521A0}.Release|Any CPU.ActiveCfg = Release|Any CPU
		{D36FC13F-3231-4662-9213-CA73F57521A0}.Release|Any CPU.Build.0 = Release|Any CPU
		{BB9075DC-41F2-4B62-BEBE-CA1D4940F45E}.Debug|Any CPU.ActiveCfg = Debug|Any CPU
		{BB9075DC-41F2-4B62-BEBE-CA1D4940F45E}.Debug|Any CPU.Build.0 = Debug|Any CPU
		{BB9075DC-41F2-4B62-BEBE-CA1D4940F45E}.Release|Any CPU.ActiveCfg = Release|Any CPU
		{BB9075DC-41F2-4B62-BEBE-CA1D4940F45E}.Release|Any CPU.Build.0 = Release|Any CPU
	EndGlobalSection
	GlobalSection(SolutionProperties) = preSolution
		HideSolutionNode = FALSE
	EndGlobalSection
	GlobalSection(NestedProjects) = preSolution
		{62F68E84-5572-49EC-B060-434845BDDD75} = {8F88C78D-5B08-4B4E-9F3B-5BE418838EA0}
		{C562148E-87A0-40CC-BF20-AF68D97DC532} = {E76DCBB7-CA5C-49A3-B2BD-1230A9401AE6}
		{D9CDD12C-7494-4E67-8BC3-CC07EB1B8E15} = {C562148E-87A0-40CC-BF20-AF68D97DC532}
		{82C12A65-EFEF-4D27-9A5A-96262714D6AE} = {C562148E-87A0-40CC-BF20-AF68D97DC532}
		{8069661E-F21E-42CB-BFCB-D48624601F7C} = {C562148E-87A0-40CC-BF20-AF68D97DC532}
		{601C2214-A942-43CA-A264-39090F70F1C5} = {C562148E-87A0-40CC-BF20-AF68D97DC532}
		{9AE5CF1B-C027-4BE4-AEFC-89A9413A8161} = {E76DCBB7-CA5C-49A3-B2BD-1230A9401AE6}
		{ADA8C0A6-EEB5-428C-A5A9-70A1C56440E7} = {9AE5CF1B-C027-4BE4-AEFC-89A9413A8161}
		{5691B466-4EA9-4C80-9A9C-F1EC52164BB8} = {9AE5CF1B-C027-4BE4-AEFC-89A9413A8161}
		{01DCC9EA-B3C4-4ED4-9239-291ABD16DFA1} = {9AE5CF1B-C027-4BE4-AEFC-89A9413A8161}
		{4B9E97ED-5612-48E5-923E-164A37A983FD} = {9AE5CF1B-C027-4BE4-AEFC-89A9413A8161}
		{D163504E-7B06-477E-9725-2414E7E4BC29} = {9AE5CF1B-C027-4BE4-AEFC-89A9413A8161}
		{A25DB128-BEE0-448C-BEC9-C3CC8174B038} = {E76DCBB7-CA5C-49A3-B2BD-1230A9401AE6}
		{F8A9246A-FD7C-4F96-AF30-B334ABFAD393} = {A25DB128-BEE0-448C-BEC9-C3CC8174B038}
		{C78B2C08-190B-4F51-8CFE-553427160E20} = {A25DB128-BEE0-448C-BEC9-C3CC8174B038}
		{DC2333E3-F247-41EF-97FF-720ED5410C42} = {A25DB128-BEE0-448C-BEC9-C3CC8174B038}
		{45C362A0-C3D1-45A1-99CA-D6AC23953789} = {A25DB128-BEE0-448C-BEC9-C3CC8174B038}
		{0950DF92-099C-4C23-8814-B7C23DF6E975} = {E76DCBB7-CA5C-49A3-B2BD-1230A9401AE6}
		{D616B2CE-5C5E-4596-89E4-229881F1FEC5} = {0950DF92-099C-4C23-8814-B7C23DF6E975}
		{3EF63B58-ACC9-49CF-855F-FC239B32F0E4} = {0950DF92-099C-4C23-8814-B7C23DF6E975}
		{3B7D3B0C-6950-4377-8459-EEFCB70DC770} = {0950DF92-099C-4C23-8814-B7C23DF6E975}
		{6AA943FB-B131-430E-A07D-4C5E335A7D5A} = {0950DF92-099C-4C23-8814-B7C23DF6E975}
		{3B57A32D-A5FD-49EC-BCEC-FFDA69838C46} = {E76DCBB7-CA5C-49A3-B2BD-1230A9401AE6}
		{BF6D4EA2-B67D-4B19-AB91-18565718DC0A} = {3B57A32D-A5FD-49EC-BCEC-FFDA69838C46}
		{86AA2A39-989C-4817-915C-830914DC054F} = {E76DCBB7-CA5C-49A3-B2BD-1230A9401AE6}
		{04BC0B38-5AD7-4F75-B381-D995C191A40F} = {86AA2A39-989C-4817-915C-830914DC054F}
		{9F9E8F0C-F93C-49D8-AAF6-747B243E6B59} = {C562148E-87A0-40CC-BF20-AF68D97DC532}
		{D6AFFE4C-18F9-42E4-8494-DA064651B14B} = {E76DCBB7-CA5C-49A3-B2BD-1230A9401AE6}
		{6966AC96-26A0-4F8F-A34E-E41AA789DF13} = {D6AFFE4C-18F9-42E4-8494-DA064651B14B}
		{32EC3D81-5C1C-4B4D-B5AE-AB05A84503E4} = {D6AFFE4C-18F9-42E4-8494-DA064651B14B}
		{1F99F458-EA2B-474A-B237-78A197A05188} = {D6AFFE4C-18F9-42E4-8494-DA064651B14B}
		{D36FC13F-3231-4662-9213-CA73F57521A0} = {D6AFFE4C-18F9-42E4-8494-DA064651B14B}
		{BB9075DC-41F2-4B62-BEBE-CA1D4940F45E} = {D6AFFE4C-18F9-42E4-8494-DA064651B14B}
	EndGlobalSection
	GlobalSection(ExtensibilityGlobals) = postSolution
		SolutionGuid = {4BD420DD-659F-43B1-AB28-3A16CFAAEAD1}
	EndGlobalSection
EndGlobal
